{
  "name": "HomeManagement",
  "lockfileVersion": 3,
  "requires": true,
  "packages": {
    "": {
      "dependencies": {
        "jsbarcode": "^3.11.6",
        "qrcodejs2-fixes": "^0.0.2"
      }
    },
    "node_modules/jsbarcode": {
      "version": "3.11.6",
      "resolved": "https://registry.npmjs.org/jsbarcode/-/jsbarcode-3.11.6.tgz",
      "integrity": "sha512-G5TKGyKY1zJo0ZQKFM1IIMfy0nF2rs92BLlCz+cU4/TazIc4ZH+X1GYeDRt7TKjrYqmPfTjwTBkU/QnQlsYiuA==",
      "license": "MIT"
    },
    "node_modules/qrcodejs2-fixes": {
      "version": "0.0.2",
      "resolved": "https://registry.npmjs.org/qrcodejs2-fixes/-/qrcodejs2-fixes-0.0.2.tgz",
      "integrity": "sha512-wMUXYMOixAEJlLnjk5MbLiFaz0gQObWYm/TIFWB5+j7sTY5gPyr09Cx1EpcLYbsgfFdN3wHjrKAhZofTuCBGhg==",
      "license": "MIT"
    }
  }
}
